
Microsoft Visual Studio Solution File, Format Version 12.00
# Visual Studio Version 16
VisualStudioVersion = 16.0.31112.23
MinimumVisualStudioVersion = 10.0.40219.1
Project("{FAE04EC0-301F-11D3-BF4B-00C04F79EFBC}") = "EsseEhBom", "EsseEhBom.csproj", "{D3A594F4-5E9B-4250-B891-9055640939FC}"
EndProject
Global
	GlobalSection(SolutionConfigurationPlatforms) = preSolution
		Debug|Any CPU = Debug|Any CPU
		Release|Any CPU = Release|Any CPU
	EndGlobalSection
	GlobalSection(ProjectConfigurationPlatforms) = postSolution
		{D3A594F4-5E9B-4250-B891-9055640939FC}.Debug|Any CPU.ActiveCfg = Debug|Any CPU
		{D3A594F4-5E9B-4250-B891-9055640939FC}.Debug|Any CPU.Build.0 = Debug|Any CPU
		{D3A594F4-5E9B-4250-B891-9055640939FC}.Release|Any CPU.ActiveCfg = Release|Any CPU
		{D3A594F4-5E9B-4250-B891-9055640939FC}.Release|Any CPU.Build.0 = Release|Any CPU
	EndGlobalSection
	GlobalSection(SolutionProperties) = preSolution
		HideSolutionNode = FALSE
	EndGlobalSection
	GlobalSection(ExtensibilityGlobals) = postSolution
		SolutionGuid = {FD93AD2C-C7C5-4378-9D4A-9690EDF0196A}
	EndGlobalSection
EndGlobal
